// !$*UTF8*$!
{
	archiveVersion = 1;
	classes = {
	};
	objectVersion = 46;
	objects = {

/* Begin PBXBuildFile section */
		6B07A72B1BE243AC0070B05A /* ApplayForLoanModel.m in Sources */ = {isa = PBXBuildFile; fileRef = 6B07A72A1BE243AC0070B05A /* ApplayForLoanModel.m */; settings = {ASSET_TAGS = (); }; };
		6B1B40031BE22DE200130768 /* ApplayForLoanDetailTableViewCell.m in Sources */ = {isa = PBXBuildFile; fileRef = 6B1B40021BE22DE200130768 /* ApplayForLoanDetailTableViewCell.m */; settings = {ASSET_TAGS = (); }; };
		6B1B40051BE2312C00130768 /* liucheng_1@2x.png in Resources */ = {isa = PBXBuildFile; fileRef = 6B1B40041BE2312C00130768 /* liucheng_1@2x.png */; settings = {ASSET_TAGS = (); }; };
		6B1B40071BE2313600130768 /* liucheng@2x.png in Resources */ = {isa = PBXBuildFile; fileRef = 6B1B40061BE2313600130768 /* liucheng@2x.png */; settings = {ASSET_TAGS = (); }; };
		6BE980981BE0635F00D9C1F4 /* main.m in Sources */ = {isa = PBXBuildFile; fileRef = 6BE980971BE0635F00D9C1F4 /* main.m */; };
		6BE9809B1BE0635F00D9C1F4 /* AppDelegate.m in Sources */ = {isa = PBXBuildFile; fileRef = 6BE9809A1BE0635F00D9C1F4 /* AppDelegate.m */; };
		6BE9809E1BE0635F00D9C1F4 /* ViewController.m in Sources */ = {isa = PBXBuildFile; fileRef = 6BE9809D1BE0635F00D9C1F4 /* ViewController.m */; };
		6BE980A11BE0635F00D9C1F4 /* Main.storyboard in Resources */ = {isa = PBXBuildFile; fileRef = 6BE9809F1BE0635F00D9C1F4 /* Main.storyboard */; };
		6BE980A31BE0636000D9C1F4 /* Assets.xcassets in Resources */ = {isa = PBXBuildFile; fileRef = 6BE980A21BE0636000D9C1F4 /* Assets.xcassets */; };
		6BE980A61BE0636000D9C1F4 /* LaunchScreen.storyboard in Resources */ = {isa = PBXBuildFile; fileRef = 6BE980A41BE0636000D9C1F4 /* LaunchScreen.storyboard */; };
		6BE980B11BE0636000D9C1F4 /* PayDetailDemoTests.m in Sources */ = {isa = PBXBuildFile; fileRef = 6BE980B01BE0636000D9C1F4 /* PayDetailDemoTests.m */; };
		6BE980BC1BE0636100D9C1F4 /* PayDetailDemoUITests.m in Sources */ = {isa = PBXBuildFile; fileRef = 6BE980BB1BE0636100D9C1F4 /* PayDetailDemoUITests.m */; };
		6BE980CD1BE064A100D9C1F4 /* UIColor+RandomColor.m in Sources */ = {isa = PBXBuildFile; fileRef = 6BE980CA1BE064A100D9C1F4 /* UIColor+RandomColor.m */; settings = {ASSET_TAGS = (); }; };
		6BE980CE1BE064A100D9C1F4 /* UIView+CustomFrame.m in Sources */ = {isa = PBXBuildFile; fileRef = 6BE980CC1BE064A100D9C1F4 /* UIView+CustomFrame.m */; settings = {ASSET_TAGS = (); }; };
		6BE980D11BE0762E00D9C1F4 /* all@2x.png in Resources */ = {isa = PBXBuildFile; fileRef = 6BE980CF1BE0762E00D9C1F4 /* all@2x.png */; settings = {ASSET_TAGS = (); }; };
		6BE980D21BE0762E00D9C1F4 /* selected@2x.png in Resources */ = {isa = PBXBuildFile; fileRef = 6BE980D01BE0762E00D9C1F4 /* selected@2x.png */; settings = {ASSET_TAGS = (); }; };
		6BE980D51BE07F9400D9C1F4 /* PayDetailsCollectionViewCell.m in Sources */ = {isa = PBXBuildFile; fileRef = 6BE980D41BE07F9400D9C1F4 /* PayDetailsCollectionViewCell.m */; settings = {ASSET_TAGS = (); }; };
/* End PBXBuildFile section */

/* Begin PBXContainerItemProxy section */
		6BE980AD1BE0636000D9C1F4 /* PBXContainerItemProxy */ = {
			isa = PBXContainerItemProxy;
			containerPortal = 6BE9808B1BE0635E00D9C1F4 /* Project object */;
			proxyType = 1;
			remoteGlobalIDString = 6BE980921BE0635F00D9C1F4;
			remoteInfo = PayDetailDemo;
		};
		6BE980B81BE0636000D9C1F4 /* PBXContainerItemProxy */ = {
			isa = PBXContainerItemProxy;
			containerPortal = 6BE9808B1BE0635E00D9C1F4 /* Project object */;
			proxyType = 1;
			remoteGlobalIDString = 6BE980921BE0635F00D9C1F4;
			remoteInfo = PayDetailDemo;
		};
/* End PBXContainerItemProxy section */

/* Begin PBXFileReference section */
		6B07A7291BE243AC0070B05A /* ApplayForLoanModel.h */ = {isa = PBXFileReference; fileEncoding = 4; lastKnownFileType = sourcecode.c.h; path = ApplayForLoanModel.h; sourceTree = "<group>"; };
		6B07A72A1BE243AC0070B05A /* ApplayForLoanModel.m */ = {isa = PBXFileReference; fileEncoding = 4; lastKnownFileType = sourcecode.c.objc; path = ApplayForLoanModel.m; sourceTree = "<group>"; };
		6B1B40011BE22DE200130768 /* ApplayForLoanDetailTableViewCell.h */ = {isa = PBXFileReference; fileEncoding = 4; lastKnownFileType = sourcecode.c.h; path = ApplayForLoanDetailTableViewCell.h; sourceTree = "<group>"; };
		6B1B40021BE22DE200130768 /* ApplayForLoanDetailTableViewCell.m */ = {isa = PBXFileReference; fileEncoding = 4; lastKnownFileType = sourcecode.c.objc; path = ApplayForLoanDetailTableViewCell.m; sourceTree = "<group>"; };
		6B1B40041BE2312C00130768 /* liucheng_1@2x.png */ = {isa = PBXFileReference; lastKnownFileType = image.png; path = "liucheng_1@2x.png"; sourceTree = "<group>"; };
		6B1B40061BE2313600130768 /* liucheng@2x.png */ = {isa = PBXFileReference; lastKnownFileType = image.png; path = "liucheng@2x.png"; sourceTree = "<group>"; };
		6BE980931BE0635F00D9C1F4 /* PayDetailDemo.app */ = {isa = PBXFileReference; explicitFileType = wrapper.application; includeInIndex = 0; path = PayDetailDemo.app; sourceTree = BUILT_PRODUCTS_DIR; };
		6BE980971BE0635F00D9C1F4 /* main.m */ = {isa = PBXFileReference; lastKnownFileType = sourcecode.c.objc; path = main.m; sourceTree = "<group>"; };
		6BE980991BE0635F00D9C1F4 /* AppDelegate.h */ = {isa = PBXFileReference; lastKnownFileType = sourcecode.c.h; path = AppDelegate.h; sourceTree = "<group>"; };
		6BE9809A1BE0635F00D9C1F4 /* AppDelegate.m */ = {isa = PBXFileReference; lastKnownFileType = sourcecode.c.objc; path = AppDelegate.m; sourceTree = "<group>"; };
		6BE9809C1BE0635F00D9C1F4 /* ViewController.h */ = {isa = PBXFileReference; lastKnownFileType = sourcecode.c.h; path = ViewController.h; sourceTree = "<group>"; };
		6BE9809D1BE0635F00D9C1F4 /* ViewController.m */ = {isa = PBXFileReference; lastKnownFileType = sourcecode.c.objc; path = ViewController.m; sourceTree = "<group>"; };
		6BE980A01BE0635F00D9C1F4 /* Base */ = {isa = PBXFileReference; lastKnownFileType = file.storyboard; name = Base; path = Base.lproj/Main.storyboard; sourceTree = "<group>"; };
		6BE980A21BE0636000D9C1F4 /* Assets.xcassets */ = {isa = PBXFileReference; lastKnownFileType = folder.assetcatalog; path = Assets.xcassets; sourceTree = "<group>"; };
		6BE980A51BE0636000D9C1F4 /* Base */ = {isa = PBXFileReference; lastKnownFileType = file.storyboard; name = Base; path = Base.lproj/LaunchScreen.storyboard; sourceTree = "<group>"; };
		6BE980A71BE0636000D9C1F4 /* Info.plist */ = {isa = PBXFileReference; lastKnownFileType = text.plist.xml; path = Info.plist; sourceTree = "<group>"; };
		6BE980AC1BE0636000D9C1F4 /* PayDetailDemoTests.xctest */ = {isa = PBXFileReference; explicitFileType = wrapper.cfbundle; includeInIndex = 0; path = PayDetailDemoTests.xctest; sourceTree = BUILT_PRODUCTS_DIR; };
		6BE980B01BE0636000D9C1F4 /* PayDetailDemoTests.m */ = {isa = PBXFileReference; lastKnownFileType = sourcecode.c.objc; path = PayDetailDemoTests.m; sourceTree = "<group>"; };
		6BE980B21BE0636000D9C1F4 /* Info.plist */ = {isa = PBXFileReference; lastKnownFileType = text.plist.xml; path = Info.plist; sourceTree = "<group>"; };
		6BE980B71BE0636000D9C1F4 /* PayDetailDemoUITests.xctest */ = {isa = PBXFileReference; explicitFileType = wrapper.cfbundle; includeInIndex = 0; path = PayDetailDemoUITests.xctest; sourceTree = BUILT_PRODUCTS_DIR; };
		6BE980BB1BE0636100D9C1F4 /* PayDetailDemoUITests.m */ = {isa = PBXFileReference; lastKnownFileType = sourcecode.c.objc; path = PayDetailDemoUITests.m; sourceTree = "<group>"; };
		6BE980BD1BE0636100D9C1F4 /* Info.plist */ = {isa = PBXFileReference; lastKnownFileType = text.plist.xml; path = Info.plist; sourceTree = "<group>"; };
		6BE980C91BE064A100D9C1F4 /* UIColor+RandomColor.h */ = {isa = PBXFileReference; fileEncoding = 4; lastKnownFileType = sourcecode.c.h; path = "UIColor+RandomColor.h"; sourceTree = "<group>"; };
		6BE980CA1BE064A100D9C1F4 /* UIColor+RandomColor.m */ = {isa = PBXFileReference; fileEncoding = 4; lastKnownFileType = sourcecode.c.objc; path = "UIColor+RandomColor.m"; sourceTree = "<group>"; };
		6BE980CB1BE064A100D9C1F4 /* UIView+CustomFrame.h */ = {isa = PBXFileReference; fileEncoding = 4; lastKnownFileType = sourcecode.c.h; path = "UIView+CustomFrame.h"; sourceTree = "<group>"; };
		6BE980CC1BE064A100D9C1F4 /* UIView+CustomFrame.m */ = {isa = PBXFileReference; fileEncoding = 4; lastKnownFileType = sourcecode.c.objc; path = "UIView+CustomFrame.m"; sourceTree = "<group>"; };
		6BE980CF1BE0762E00D9C1F4 /* all@2x.png */ = {isa = PBXFileReference; lastKnownFileType = image.png; path = "all@2x.png"; sourceTree = "<group>"; };
		6BE980D01BE0762E00D9C1F4 /* selected@2x.png */ = {isa = PBXFileReference; lastKnownFileType = image.png; path = "selected@2x.png"; sourceTree = "<group>"; };
		6BE980D31BE07F9400D9C1F4 /* PayDetailsCollectionViewCell.h */ = {isa = PBXFileReference; fileEncoding = 4; lastKnownFileType = sourcecode.c.h; path = PayDetailsCollectionViewCell.h; sourceTree = "<group>"; };
		6BE980D41BE07F9400D9C1F4 /* PayDetailsCollectionViewCell.m */ = {isa = PBXFileReference; fileEncoding = 4; lastKnownFileType = sourcecode.c.objc; path = PayDetailsCollectionViewCell.m; sourceTree = "<group>"; };
/* End PBXFileReference section */

/* Begin PBXFrameworksBuildPhase section */
		6BE980901BE0635F00D9C1F4 /* Frameworks */ = {
			isa = PBXFrameworksBuildPhase;
			buildActionMask = 2147483647;
			files = (
			);
			runOnlyForDeploymentPostprocessing = 0;
		};
		6BE980A91BE0636000D9C1F4 /* Frameworks */ = {
			isa = PBXFrameworksBuildPhase;
			buildActionMask = 2147483647;
			files = (
			);
			runOnlyForDeploymentPostprocessing = 0;
		};
		6BE980B41BE0636000D9C1F4 /* Frameworks */ = {
			isa = PBXFrameworksBuildPhase;
			buildActionMask = 2147483647;
			files = (
			);
			runOnlyForDeploymentPostprocessing = 0;
		};
/* End PBXFrameworksBuildPhase section */

/* Begin PBXGroup section */
		6BE9808A1BE0635E00D9C1F4 = {
			isa = PBXGroup;
			children = (
				6BE980951BE0635F00D9C1F4 /* PayDetailDemo */,
				6BE980AF1BE0636000D9C1F4 /* PayDetailDemoTests */,
				6BE980BA1BE0636100D9C1F4 /* PayDetailDemoUITests */,
				6BE980941BE0635F00D9C1F4 /* Products */,
			);
			sourceTree = "<group>";
		};
		6BE980941BE0635F00D9C1F4 /* Products */ = {
			isa = PBXGroup;
			children = (
				6BE980931BE0635F00D9C1F4 /* PayDetailDemo.app */,
				6BE980AC1BE0636000D9C1F4 /* PayDetailDemoTests.xctest */,
				6BE980B71BE0636000D9C1F4 /* PayDetailDemoUITests.xctest */,
			);
			name = Products;
			sourceTree = "<group>";
		};
		6BE980951BE0635F00D9C1F4 /* PayDetailDemo */ = {
			isa = PBXGroup;
			children = (
				6B1B40061BE2313600130768 /* liucheng@2x.png */,
				6B1B40041BE2312C00130768 /* liucheng_1@2x.png */,
				6BE980CF1BE0762E00D9C1F4 /* all@2x.png */,
				6BE980D01BE0762E00D9C1F4 /* selected@2x.png */,
				6BE980C91BE064A100D9C1F4 /* UIColor+RandomColor.h */,
				6BE980CA1BE064A100D9C1F4 /* UIColor+RandomColor.m */,
				6BE980CB1BE064A100D9C1F4 /* UIView+CustomFrame.h */,
				6BE980CC1BE064A100D9C1F4 /* UIView+CustomFrame.m */,
				6BE980991BE0635F00D9C1F4 /* AppDelegate.h */,
				6BE9809A1BE0635F00D9C1F4 /* AppDelegate.m */,
				6BE9809C1BE0635F00D9C1F4 /* ViewController.h */,
				6BE9809D1BE0635F00D9C1F4 /* ViewController.m */,
				6BE9809F1BE0635F00D9C1F4 /* Main.storyboard */,
				6BE980A21BE0636000D9C1F4 /* Assets.xcassets */,
				6BE980A41BE0636000D9C1F4 /* LaunchScreen.storyboard */,
				6BE980A71BE0636000D9C1F4 /* Info.plist */,
				6BE980D31BE07F9400D9C1F4 /* PayDetailsCollectionViewCell.h */,
				6BE980D41BE07F9400D9C1F4 /* PayDetailsCollectionViewCell.m */,
				6B1B40011BE22DE200130768 /* ApplayForLoanDetailTableViewCell.h */,
				6B1B40021BE22DE200130768 /* ApplayForLoanDetailTableViewCell.m */,
				6B07A7291BE243AC0070B05A /* ApplayForLoanModel.h */,
				6B07A72A1BE243AC0070B05A /* ApplayForLoanModel.m */,
			);
			path = PayDetailDemo;
			sourceTree = "<group>";
		};
		6BE980961BE0635F00D9C1F4 /* Supporting Files */ = {
			isa = PBXGroup;
			children = (
				6BE980971BE0635F00D9C1F4 /* main.m */,
			);
			name = "Supporting Files";
			path = ../PayDetailDemo;
			sourceTree = "<group>";
		};
		6BE980AF1BE0636000D9C1F4 /* PayDetailDemoTests */ = {
			isa = PBXGroup;
			children = (
				6BE980961BE0635F00D9C1F4 /* Supporting Files */,
				6BE980B01BE0636000D9C1F4 /* PayDetailDemoTests.m */,
				6BE980B21BE0636000D9C1F4 /* Info.plist */,
			);
			path = PayDetailDemoTests;
			sourceTree = "<group>";
		};
		6BE980BA1BE0636100D9C1F4 /* PayDetailDemoUITests */ = {
			isa = PBXGroup;
			children = (
				6BE980BB1BE0636100D9C1F4 /* PayDetailDemoUITests.m */,
				6BE980BD1BE0636100D9C1F4 /* Info.plist */,
			);
			path = PayDetailDemoUITests;
			sourceTree = "<group>";
		};
/* End PBXGroup section */

/* Begin PBXNativeTarget section */
		6BE980921BE0635F00D9C1F4 /* PayDetailDemo */ = {
			isa = PBXNativeTarget;
			buildConfigurationList = 6BE980C01BE0636100D9C1F4 /* Build configuration list for PBXNativeTarget "PayDetailDemo" */;
			buildPhases = (
				6BE9808F1BE0635F00D9C1F4 /* Sources */,
				6BE980901BE0635F00D9C1F4 /* Frameworks */,
				6BE980911BE0635F00D9C1F4 /* Resources */,
			);
			buildRules = (
			);
			dependencies = (
			);
			name = PayDetailDemo;
			productName = PayDetailDemo;
			productReference = 6BE980931BE0635F00D9C1F4 /* PayDetailDemo.app */;
			productType = "com.apple.product-type.application";
		};
		6BE980AB1BE0636000D9C1F4 /* PayDetailDemoTests */ = {
			isa = PBXNativeTarget;
			buildConfigurationList = 6BE980C31BE0636100D9C1F4 /* Build configuration list for PBXNativeTarget "PayDetailDemoTests" */;
			buildPhases = (
				6BE980A81BE0636000D9C1F4 /* Sources */,
				6BE980A91BE0636000D9C1F4 /* Frameworks */,
				6BE980AA1BE0636000D9C1F4 /* Resources */,
			);
			buildRules = (
			);
			dependencies = (
				6BE980AE1BE0636000D9C1F4 /* PBXTargetDependency */,
			);
			name = PayDetailDemoTests;
			productName = PayDetailDemoTests;
			productReference = 6BE980AC1BE0636000D9C1F4 /* PayDetailDemoTests.xctest */;
			productType = "com.apple.product-type.bundle.unit-test";
		};
		6BE980B61BE0636000D9C1F4 /* PayDetailDemoUITests */ = {
			isa = PBXNativeTarget;
			buildConfigurationList = 6BE980C61BE0636100D9C1F4 /* Build configuration list for PBXNativeTarget "PayDetailDemoUITests" */;
			buildPhases = (
				6BE980B31BE0636000D9C1F4 /* Sources */,
				6BE980B41BE0636000D9C1F4 /* Frameworks */,
				6BE980B51BE0636000D9C1F4 /* Resources */,
			);
			buildRules = (
			);
			dependencies = (
				6BE980B91BE0636000D9C1F4 /* PBXTargetDependency */,
			);
			name = PayDetailDemoUITests;
			productName = PayDetailDemoUITests;
			productReference = 6BE980B71BE0636000D9C1F4 /* PayDetailDemoUITests.xctest */;
			productType = "com.apple.product-type.bundle.ui-testing";
		};
/* End PBXNativeTarget section */

/* Begin PBXProject section */
		6BE9808B1BE0635E00D9C1F4 /* Project object */ = {
			isa = PBXProject;
			attributes = {
				LastUpgradeCheck = 0700;
				ORGANIZATIONNAME = GongHui_YJ;
				TargetAttributes = {
					6BE980921BE0635F00D9C1F4 = {
						CreatedOnToolsVersion = 7.0.1;
					};
					6BE980AB1BE0636000D9C1F4 = {
						CreatedOnToolsVersion = 7.0.1;
						TestTargetID = 6BE980921BE0635F00D9C1F4;
					};
					6BE980B61BE0636000D9C1F4 = {
						CreatedOnToolsVersion = 7.0.1;
						TestTargetID = 6BE980921BE0635F00D9C1F4;
					};
				};
			};
			buildConfigurationList = 6BE9808E1BE0635E00D9C1F4 /* Build configuration list for PBXProject "PayDetailDemo" */;
			compatibilityVersion = "Xcode 3.2";
			developmentRegion = English;
			hasScannedForEncodings = 0;
			knownRegions = (
				en,
				Base,
			);
			mainGroup = 6BE9808A1BE0635E00D9C1F4;
			productRefGroup = 6BE980941BE0635F00D9C1F4 /* Products */;
			projectDirPath = "";
			projectRoot = "";
			targets = (
				6BE980921BE0635F00D9C1F4 /* PayDetailDemo */,
				6BE980AB1BE0636000D9C1F4 /* PayDetailDemoTests */,
				6BE980B61BE0636000D9C1F4 /* PayDetailDemoUITests */,
			);
		};
/* End PBXProject section */

/* Begin PBXResourcesBuildPhase section */
		6BE980911BE0635F00D9C1F4 /* Resources */ = {
			isa = PBXResourcesBuildPhase;
			buildActionMask = 2147483647;
			files = (
				6BE980A61BE0636000D9C1F4 /* LaunchScreen.storyboard in Resources */,
				6B1B40051BE2312C00130768 /* liucheng_1@2x.png in Resources */,
				6BE980D21BE0762E00D9C1F4 /* selected@2x.png in Resources */,
				6BE980A31BE0636000D9C1F4 /* Assets.xcassets in Resources */,
				6BE980A11BE0635F00D9C1F4 /* Main.storyboard in Resources */,
				6BE980D11BE0762E00D9C1F4 /* all@2x.png in Resources */,
				6B1B40071BE2313600130768 /* liucheng@2x.png in Resources */,
			);
			runOnlyForDeploymentPostprocessing = 0;
		};
		6BE980AA1BE0636000D9C1F4 /* Resources */ = {
			isa = PBXResourcesBuildPhase;
			buildActionMask = 2147483647;
			files = (
			);
			runOnlyForDeploymentPostprocessing = 0;
		};
		6BE980B51BE0636000D9C1F4 /* Resources */ = {
			isa = PBXResourcesBuildPhase;
			buildActionMask = 2147483647;
			files = (
			);
			runOnlyForDeploymentPostprocessing = 0;
		};
/* End PBXResourcesBuildPhase section */

/* Begin PBXSourcesBuildPhase section */
		6BE9808F1BE0635F00D9C1F4 /* Sources */ = {
			isa = PBXSourcesBuildPhase;
			buildActionMask = 2147483647;
			files = (
				6B07A72B1BE243AC0070B05A /* ApplayForLoanModel.m in Sources */,
				6B1B40031BE22DE200130768 /* ApplayForLoanDetailTableViewCell.m in Sources */,
				6BE980CD1BE064A100D9C1F4 /* UIColor+RandomColor.m in Sources */,
				6BE9809E1BE0635F00D9C1F4 /* ViewController.m in Sources */,
				6BE980D51BE07F9400D9C1F4 /* PayDetailsCollectionViewCell.m in Sources */,
				6BE9809B1BE0635F00D9C1F4 /* AppDelegate.m in Sources */,
				6BE980981BE0635F00D9C1F4 /* main.m in Sources */,
				6BE980CE1BE064A100D9C1F4 /* UIView+CustomFrame.m in Sources */,
			);
			runOnlyForDeploymentPostprocessing = 0;
		};
		6BE980A81BE0636000D9C1F4 /* Sources */ = {
			isa = PBXSourcesBuildPhase;
			buildActionMask = 2147483647;
			files = (
				6BE980B11BE0636000D9C1F4 /* PayDetailDemoTests.m in Sources */,
			);
			runOnlyForDeploymentPostprocessing = 0;
		};
		6BE980B31BE0636000D9C1F4 /* Sources */ = {
			isa = PBXSourcesBuildPhase;
			buildActionMask = 2147483647;
			files = (
				6BE980BC1BE0636100D9C1F4 /* PayDetailDemoUITests.m in Sources */,
			);
			runOnlyForDeploymentPostprocessing = 0;
		};
/* End PBXSourcesBuildPhase section */

/* Begin PBXTargetDependency section */
		6BE980AE1BE0636000D9C1F4 /* PBXTargetDependency */ = {
			isa = PBXTargetDependency;
			target = 6BE980921BE0635F00D9C1F4 /* PayDetailDemo */;
			targetProxy = 6BE980AD1BE0636000D9C1F4 /* PBXContainerItemProxy */;
		};
		6BE980B91BE0636000D9C1F4 /* PBXTargetDependency */ = {
			isa = PBXTargetDependency;
			target = 6BE980921BE0635F00D9C1F4 /* PayDetailDemo */;
			targetProxy = 6BE980B81BE0636000D9C1F4 /* PBXContainerItemProxy */;
		};
/* End PBXTargetDependency section */

/* Begin PBXVariantGroup section */
		6BE9809F1BE0635F00D9C1F4 /* Main.storyboard */ = {
			isa = PBXVariantGroup;
			children = (
				6BE980A01BE0635F00D9C1F4 /* Base */,
			);
			name = Main.storyboard;
			sourceTree = "<group>";
		};
		6BE980A41BE0636000D9C1F4 /* LaunchScreen.storyboard */ = {
			isa = PBXVariantGroup;
			children = (
				6BE980A51BE0636000D9C1F4 /* Base */,
			);
			name = LaunchScreen.storyboard;
			sourceTree = "<group>";
		};
/* End PBXVariantGroup section */

/* Begin XCBuildConfiguration section */
		6BE980BE1BE0636100D9C1F4 /* Debug */ = {
			isa = XCBuildConfiguration;
			buildSettings = {
				ALWAYS_SEARCH_USER_PATHS = NO;
				CLANG_CXX_LANGUAGE_STANDARD = "gnu++0x";
				CLANG_CXX_LIBRARY = "libc++";
				CLANG_ENABLE_MODULES = YES;
				CLANG_ENABLE_OBJC_ARC = YES;
				CLANG_WARN_BOOL_CONVERSION = YES;
				CLANG_WARN_CONSTANT_CONVERSION = YES;
				CLANG_WARN_DIRECT_OBJC_ISA_USAGE = YES_ERROR;
				CLANG_WARN_EMPTY_BODY = YES;
				CLANG_WARN_ENUM_CONVERSION = YES;
				CLANG_WARN_INT_CONVERSION = YES;
				CLANG_WARN_OBJC_ROOT_CLASS = YES_ERROR;
				CLANG_WARN_UNREACHABLE_CODE = YES;
				CLANG_WARN__DUPLICATE_METHOD_MATCH = YES;
				"CODE_SIGN_IDENTITY[sdk=iphoneos*]" = "iPhone Developer";
				COPY_PHASE_STRIP = NO;
				DEBUG_INFORMATION_FORMAT = dwarf;
				ENABLE_STRICT_OBJC_MSGSEND = YES;
				ENABLE_TESTABILITY = YES;
				GCC_C_LANGUAGE_STANDARD = gnu99;
				GCC_DYNAMIC_NO_PIC = NO;
				GCC_NO_COMMON_BLOCKS = YES;
				GCC_OPTIMIZATION_LEVEL = 0;
				GCC_PREPROCESSOR_DEFINITIONS = (
					"DEBUG=1",
					"$(inherited)",
				);
				GCC_WARN_64_TO_32_BIT_CONVERSION = YES;
				GCC_WARN_ABOUT_RETURN_TYPE = YES_ERROR;
				GCC_WARN_UNDECLARED_SELECTOR = YES;
				GCC_WARN_UNINITIALIZED_AUTOS = YES_AGGRESSIVE;
				GCC_WARN_UNUSED_FUNCTION = YES;
				GCC_WARN_UNUSED_VARIABLE = YES;
				IPHONEOS_DEPLOYMENT_TARGET = 9.0;
				MTL_ENABLE_DEBUG_INFO = YES;
				ONLY_ACTIVE_ARCH = YES;
				SDKROOT = iphoneos;
			};
			name = Debug;
		};
		6BE980BF1BE0636100D9C1F4 /* Release */ = {
			isa = XCBuildConfiguration;
			buildSettings = {
				ALWAYS_SEARCH_USER_PATHS = NO;
				CLANG_CXX_LANGUAGE_STANDARD = "gnu++0x";
				CLANG_CXX_LIBRARY = "libc++";
				CLANG_ENABLE_MODULES = YES;
				CLANG_ENABLE_OBJC_ARC = YES;
				CLANG_WARN_BOOL_CONVERSION = YES;
				CLANG_WARN_CONSTANT_CONVERSION = YES;
				CLANG_WARN_DIRECT_OBJC_ISA_USAGE = YES_ERROR;
				CLANG_WARN_EMPTY_BODY = YES;
				CLANG_WARN_ENUM_CONVERSION = YES;
				CLANG_WARN_INT_CONVERSION = YES;
				CLANG_WARN_OBJC_ROOT_CLASS = YES_ERROR;
				CLANG_WARN_UNREACHABLE_CODE = YES;
				CLANG_WARN__DUPLICATE_METHOD_MATCH = YES;
				"CODE_SIGN_IDENTITY[sdk=iphoneos*]" = "iPhone Developer";
				COPY_PHASE_STRIP = NO;
				DEBUG_INFORMATION_FORMAT = "dwarf-with-dsym";
				ENABLE_NS_ASSERTIONS = NO;
				ENABLE_STRICT_OBJC_MSGSEND = YES;
				GCC_C_LANGUAGE_STANDARD = gnu99;
				GCC_NO_COMMON_BLOCKS = YES;
				GCC_WARN_64_TO_32_BIT_CONVERSION = YES;
				GCC_WARN_ABOUT_RETURN_TYPE = YES_ERROR;
				GCC_WARN_UNDECLARED_SELECTOR = YES;
				GCC_WARN_UNINITIALIZED_AUTOS = YES_AGGRESSIVE;
				GCC_WARN_UNUSED_FUNCTION = YES;
				GCC_WARN_UNUSED_VARIABLE = YES;
				IPHONEOS_DEPLOYMENT_TARGET = 9.0;
				MTL_ENABLE_DEBUG_INFO = NO;
				SDKROOT = iphoneos;
				VALIDATE_PRODUCT = YES;
			};
			name = Release;
		};
		6BE980C11BE0636100D9C1F4 /* Debug */ = {
			isa = XCBuildConfiguration;
			buildSettings = {
				ASSETCATALOG_COMPILER_APPICON_NAME = AppIcon;
				INFOPLIST_FILE = PayDetailDemo/Info.plist;
				LD_RUNPATH_SEARCH_PATHS = "$(inherited) @executable_path/Frameworks";
				PRODUCT_BUNDLE_IDENTIFIER = com.yangjian.net.cn.PayDetailDemo;
				PRODUCT_NAME = "$(TARGET_NAME)";
			};
			name = Debug;
		};
		6BE980C21BE0636100D9C1F4 /* Release */ = {
			isa = XCBuildConfiguration;
			buildSettings = {
				ASSETCATALOG_COMPILER_APPICON_NAME = AppIcon;
				INFOPLIST_FILE = PayDetailDemo/Info.plist;
				LD_RUNPATH_SEARCH_PATHS = "$(inherited) @executable_path/Frameworks";
				PRODUCT_BUNDLE_IDENTIFIER = com.yangjian.net.cn.PayDetailDemo;
				PRODUCT_NAME = "$(TARGET_NAME)";
			};
			name = Release;
		};
		6BE980C41BE0636100D9C1F4 /* Debug */ = {
			isa = XCBuildConfiguration;
			buildSettings = {
				BUNDLE_LOADER = "$(TEST_HOST)";
				INFOPLIST_FILE = PayDetailDemoTests/Info.plist;
				LD_RUNPATH_SEARCH_PATHS = "$(inherited) @executable_path/Frameworks @loader_path/Frameworks";
				PRODUCT_BUNDLE_IDENTIFIER = com.yangjian.net.cn.PayDetailDemoTests;
				PRODUCT_NAME = "$(TARGET_NAME)";
				TEST_HOST = "$(BUILT_PRODUCTS_DIR)/PayDetailDemo.app/PayDetailDemo";
			};
			name = Debug;
		};
		6BE980C51BE0636100D9C1F4 /* Release */ = {
			isa = XCBuildConfiguration;
			buildSettings = {
				BUNDLE_LOADER = "$(TEST_HOST)";
				INFOPLIST_FILE = PayDetailDemoTests/Info.plist;
				LD_RUNPATH_SEARCH_PATHS = "$(inherited) @executable_path/Frameworks @loader_path/Frameworks";
				PRODUCT_BUNDLE_IDENTIFIER = com.yangjian.net.cn.PayDetailDemoTests;
				PRODUCT_NAME = "$(TARGET_NAME)";
				TEST_HOST = "$(BUILT_PRODUCTS_DIR)/PayDetailDemo.app/PayDetailDemo";
			};
			name = Release;
		};
		6BE980C71BE0636100D9C1F4 /* Debug */ = {
			isa = XCBuildConfiguration;
			buildSettings = {
				INFOPLIST_FILE = PayDetailDemoUITests/Info.plist;
				LD_RUNPATH_SEARCH_PATHS = "$(inherited) @executable_path/Frameworks @loader_path/Frameworks";
				PRODUCT_BUNDLE_IDENTIFIER = com.yangjian.net.cn.PayDetailDemoUITests;
				PRODUCT_NAME = "$(TARGET_NAME)";
				TEST_TARGET_NAME = PayDetailDemo;
				USES_XCTRUNNER = YES;
			};
			name = Debug;
		};
		6BE980C81BE0636100D9C1F4 /* Release */ = {
			isa = XCBuildConfiguration;
			buildSettings = {
				INFOPLIST_FILE = PayDetailDemoUITests/Info.plist;
				LD_RUNPATH_SEARCH_PATHS = "$(inherited) @executable_path/Frameworks @loader_path/Frameworks";
				PRODUCT_BUNDLE_IDENTIFIER = com.yangjian.net.cn.PayDetailDemoUITests;
				PRODUCT_NAME = "$(TARGET_NAME)";
				TEST_TARGET_NAME = PayDetailDemo;
				USES_XCTRUNNER = YES;
			};
			name = Release;
		};
/* End XCBuildConfiguration section */

/* Begin XCConfigurationList section */
		6BE9808E1BE0635E00D9C1F4 /* Build configuration list for PBXProject "PayDetailDemo" */ = {
			isa = XCConfigurationList;
			buildConfigurations = (
				6BE980BE1BE0636100D9C1F4 /* Debug */,
				6BE980BF1BE0636100D9C1F4 /* Release */,
			);
			defaultConfigurationIsVisible = 0;
			defaultConfigurationName = Release;
		};
		6BE980C01BE0636100D9C1F4 /* Build configuration list for PBXNativeTarget "PayDetailDemo" */ = {
			isa = XCConfigurationList;
			buildConfigurations = (
				6BE980C11BE0636100D9C1F4 /* Debug */,
				6BE980C21BE0636100D9C1F4 /* Release */,
			);
			defaultConfigurationIsVisible = 0;
			defaultConfigurationName = Release;
		};
		6BE980C31BE0636100D9C1F4 /* Build configuration list for PBXNativeTarget "PayDetailDemoTests" */ = {
			isa = XCConfigurationList;
			buildConfigurations = (
				6BE980C41BE0636100D9C1F4 /* Debug */,
				6BE980C51BE0636100D9C1F4 /* Release */,
			);
			defaultConfigurationIsVisible = 0;
			defaultConfigurationName = Release;
		};
		6BE980C61BE0636100D9C1F4 /* Build configuration list for PBXNativeTarget "PayDetailDemoUITests" */ = {
			isa = XCConfigurationList;
			buildConfigurations = (
				6BE980C71BE0636100D9C1F4 /* Debug */,
				6BE980C81BE0636100D9C1F4 /* Release */,
			);
			defaultConfigurationIsVisible = 0;
			defaultConfigurationName = Release;
		};
/* End XCConfigurationList section */
	};
	rootObject = 6BE9808B1BE0635E00D9C1F4 /* Project object */;
}
